// !$*UTF8*$!
{
	archiveVersion = 1;
	classes = {
	};
	objectVersion = 51;
	objects = {

/* Begin PBXBuildFile section */
		17A1E853242138F100406139 /* CardsAndSetsStub.swift in Sources */ = {isa = PBXBuildFile; fileRef = 17A1E852242138F100406139 /* CardsAndSetsStub.swift */; };
		17E7CFBA242136B7004C06E1 /* URLSessionMock.swift in Sources */ = {isa = PBXBuildFile; fileRef = 17E7CFB9242136B7004C06E1 /* URLSessionMock.swift */; };
		1D1759F9241FDCC40037E4B9 /* CardListScreenSpec.swift in Sources */ = {isa = PBXBuildFile; fileRef = 1D1759F8241FDCC40037E4B9 /* CardListScreenSpec.swift */; };
		1D175A0324202EE20037E4B9 /* CardListDelegateSpec.swift in Sources */ = {isa = PBXBuildFile; fileRef = 1D175A0224202EE20037E4B9 /* CardListDelegateSpec.swift */; };
		1D175A0524202FB20037E4B9 /* CardListDataSourceStub.swift in Sources */ = {isa = PBXBuildFile; fileRef = 1D175A0424202FB20037E4B9 /* CardListDataSourceStub.swift */; };
		1D175A0924212BF60037E4B9 /* UIKit+Extensions.swift in Sources */ = {isa = PBXBuildFile; fileRef = 1D175A0824212BF60037E4B9 /* UIKit+Extensions.swift */; };
		1D175A0D2421492A0037E4B9 /* CardListDataSourceSpec.swift in Sources */ = {isa = PBXBuildFile; fileRef = 1D175A0C2421492A0037E4B9 /* CardListDataSourceSpec.swift */; };
		1D175A11242163ED0037E4B9 /* KIF+TesterExtension.swift in Sources */ = {isa = PBXBuildFile; fileRef = 1D175A10242163ED0037E4B9 /* KIF+TesterExtension.swift */; };
		1D175A132421680D0037E4B9 /* CardSetStub.swift in Sources */ = {isa = PBXBuildFile; fileRef = 1D175A122421680D0037E4B9 /* CardSetStub.swift */; };
		1D175A15242189E70037E4B9 /* CardListViewControllerSpec.swift in Sources */ = {isa = PBXBuildFile; fileRef = 1D175A14242189E70037E4B9 /* CardListViewControllerSpec.swift */; };
		1D175A17242197BB0037E4B9 /* NetworkServiceStub.swift in Sources */ = {isa = PBXBuildFile; fileRef = 1D175A16242197BB0037E4B9 /* NetworkServiceStub.swift */; };
		1D175A19242265D00037E4B9 /* CardListIntegrationSpec.swift in Sources */ = {isa = PBXBuildFile; fileRef = 1D175A18242265D00037E4B9 /* CardListIntegrationSpec.swift */; };
		2B1D084BD99C3DBEC940754F /* Pods_Bootcamp2020.framework in Frameworks */ = {isa = PBXBuildFile; fileRef = 6817D7B18DA67B0C87627838 /* Pods_Bootcamp2020.framework */; };
		5A17C769CE83FFEA6B0C7AB6 /* Pods_Bootcamp2020SnapshotTests.framework in Frameworks */ = {isa = PBXBuildFile; fileRef = E3ABAABE0031DB5F028E6598 /* Pods_Bootcamp2020SnapshotTests.framework */; };
		81354A37242138EC007896FF /* RealmManagerSpec.swift in Sources */ = {isa = PBXBuildFile; fileRef = 81354A36242138EC007896FF /* RealmManagerSpec.swift */; };
		816EA56C242154160032620F /* CardSpec.swift in Sources */ = {isa = PBXBuildFile; fileRef = 816EA56B242154160032620F /* CardSpec.swift */; };
		816EA56E2421544A0032620F /* CardTypeSpec.swift in Sources */ = {isa = PBXBuildFile; fileRef = 816EA56D2421544A0032620F /* CardTypeSpec.swift */; };
		816EA5702421545F0032620F /* CardSetSpec.swift in Sources */ = {isa = PBXBuildFile; fileRef = 816EA56F2421545F0032620F /* CardSetSpec.swift */; };
		81F69813241FBE7E00258920 /* AppCoordinatorSpec.swift in Sources */ = {isa = PBXBuildFile; fileRef = 81F69812241FBE7E00258920 /* AppCoordinatorSpec.swift */; };
		81F69816241FC4DF00258920 /* NetworkServiceDummy.swift in Sources */ = {isa = PBXBuildFile; fileRef = 81F69815241FC4DF00258920 /* NetworkServiceDummy.swift */; };
		81F6981A241FE78200258920 /* HomeCoordinatorSpec.swift in Sources */ = {isa = PBXBuildFile; fileRef = 81F69819241FE78200258920 /* HomeCoordinatorSpec.swift */; };
		81F6981C241FEAFC00258920 /* FavoritesCoordinatorSpec.swift in Sources */ = {isa = PBXBuildFile; fileRef = 81F6981B241FEAFC00258920 /* FavoritesCoordinatorSpec.swift */; };
		81F6981E241FEDB200258920 /* LocalServiceDummy.swift in Sources */ = {isa = PBXBuildFile; fileRef = 81F6981D241FEDB200258920 /* LocalServiceDummy.swift */; };
		81F6982224211CC300258920 /* CardSet.swift in Sources */ = {isa = PBXBuildFile; fileRef = 81F6982124211CC300258920 /* CardSet.swift */; };
		81F6982424211CDB00258920 /* Card.swift in Sources */ = {isa = PBXBuildFile; fileRef = 81F6982324211CDB00258920 /* Card.swift */; };
		81F6982724211D1600258920 /* CardType.swift in Sources */ = {isa = PBXBuildFile; fileRef = 81F6982624211D1600258920 /* CardType.swift */; };
		8E8C271AED7F85AFB55FB756 /* Pods_Bootcamp2020Tests.framework in Frameworks */ = {isa = PBXBuildFile; fileRef = E53E60CF419399141C0A19B9 /* Pods_Bootcamp2020Tests.framework */; };
		C03D30C7241BFC0F0089B070 /* AppDelegate.swift in Sources */ = {isa = PBXBuildFile; fileRef = C03D30C6241BFC0F0089B070 /* AppDelegate.swift */; };
		C03D30D3241BFC100089B070 /* Assets.xcassets in Resources */ = {isa = PBXBuildFile; fileRef = C03D30D2241BFC100089B070 /* Assets.xcassets */; };
		C03D30D6241BFC100089B070 /* LaunchScreen.storyboard in Resources */ = {isa = PBXBuildFile; fileRef = C03D30D4241BFC100089B070 /* LaunchScreen.storyboard */; };
		C040729E241C01E1005F9B97 /* AppCoordinator.swift in Sources */ = {isa = PBXBuildFile; fileRef = C040729D241C01E1005F9B97 /* AppCoordinator.swift */; };
		C04072A0241C01ED005F9B97 /* HomeCoordinator.swift in Sources */ = {isa = PBXBuildFile; fileRef = C040729F241C01ED005F9B97 /* HomeCoordinator.swift */; };
		C04072A2241C01F9005F9B97 /* FavoritesCoordinator.swift in Sources */ = {isa = PBXBuildFile; fileRef = C04072A1241C01F9005F9B97 /* FavoritesCoordinator.swift */; };
		C04072A4241C0236005F9B97 /* Coordinator.swift in Sources */ = {isa = PBXBuildFile; fileRef = C04072A3241C0236005F9B97 /* Coordinator.swift */; };
		C04072B2241C0841005F9B97 /* APIManager.swift in Sources */ = {isa = PBXBuildFile; fileRef = C04072B1241C0841005F9B97 /* APIManager.swift */; };
		C04072B4241C0853005F9B97 /* RealmManager.swift in Sources */ = {isa = PBXBuildFile; fileRef = C04072B3241C0853005F9B97 /* RealmManager.swift */; };
		C04072B8241C0CC1005F9B97 /* CardCell.swift in Sources */ = {isa = PBXBuildFile; fileRef = C04072B7241C0CC1005F9B97 /* CardCell.swift */; };
		C04072BA241C0D02005F9B97 /* ViewCode.swift in Sources */ = {isa = PBXBuildFile; fileRef = C04072B9241C0D02005F9B97 /* ViewCode.swift */; };
		C04072BC241C0E57005F9B97 /* FavoriteButton.swift in Sources */ = {isa = PBXBuildFile; fileRef = C04072BB241C0E57005F9B97 /* FavoriteButton.swift */; };
		C04072BE241C0E7F005F9B97 /* CardDetailScreen.swift in Sources */ = {isa = PBXBuildFile; fileRef = C04072BD241C0E7F005F9B97 /* CardDetailScreen.swift */; };
		C04072C0241C0EA2005F9B97 /* CardListScreen.swift in Sources */ = {isa = PBXBuildFile; fileRef = C04072BF241C0EA2005F9B97 /* CardListScreen.swift */; };
		C04072C2241C0EDE005F9B97 /* CardListViewController.swift in Sources */ = {isa = PBXBuildFile; fileRef = C04072C1241C0EDE005F9B97 /* CardListViewController.swift */; };
		C04072C4241C0F04005F9B97 /* CardDetailViewController.swift in Sources */ = {isa = PBXBuildFile; fileRef = C04072C3241C0F04005F9B97 /* CardDetailViewController.swift */; };
		C04072C6241C0FD4005F9B97 /* CardDetailViewModel.swift in Sources */ = {isa = PBXBuildFile; fileRef = C04072C5241C0FD4005F9B97 /* CardDetailViewModel.swift */; };
		C04072C8241C1412005F9B97 /* CardListViewModel.swift in Sources */ = {isa = PBXBuildFile; fileRef = C04072C7241C1412005F9B97 /* CardListViewModel.swift */; };
		C04072CA241C2840005F9B97 /* CardCellViewModel.swift in Sources */ = {isa = PBXBuildFile; fileRef = C04072C9241C2840005F9B97 /* CardCellViewModel.swift */; };
		C04072CC241C2E07005F9B97 /* Service.swift in Sources */ = {isa = PBXBuildFile; fileRef = C04072CB241C2E07005F9B97 /* Service.swift */; };
		C04072D0241C3EF9005F9B97 /* CardListDataSource.swift in Sources */ = {isa = PBXBuildFile; fileRef = C04072CF241C3EF9005F9B97 /* CardListDataSource.swift */; };
		C04072D2241C3F78005F9B97 /* CardListDelegate.swift in Sources */ = {isa = PBXBuildFile; fileRef = C04072D1241C3F78005F9B97 /* CardListDelegate.swift */; };
		C04072D5241C3FF6005F9B97 /* CardTypeHeaderCell.swift in Sources */ = {isa = PBXBuildFile; fileRef = C04072D4241C3FF6005F9B97 /* CardTypeHeaderCell.swift */; };
		C04072D7241C4012005F9B97 /* CardSetHeaderCell.swift in Sources */ = {isa = PBXBuildFile; fileRef = C04072D6241C4012005F9B97 /* CardSetHeaderCell.swift */; };
		C054029E2422B376004F3629 /* CardDetailDelegate.swift in Sources */ = {isa = PBXBuildFile; fileRef = C054029D2422B376004F3629 /* CardDetailDelegate.swift */; };
		C0613712241FF72C00B75034 /* APIManagerSpec.swift in Sources */ = {isa = PBXBuildFile; fileRef = C0C4A85B241FF46F002CB8D9 /* APIManagerSpec.swift */; };
		C061372224200DE200B75034 /* Endpoint.swift in Sources */ = {isa = PBXBuildFile; fileRef = C061372124200DE200B75034 /* Endpoint.swift */; };
		C091F1E82420F28900ECD238 /* EndpointSpec.swift in Sources */ = {isa = PBXBuildFile; fileRef = C091F1E72420F28900ECD238 /* EndpointSpec.swift */; };
		C0EC9FC124229121004C3526 /* APIResponses.swift in Sources */ = {isa = PBXBuildFile; fileRef = C0EC9FC024229121004C3526 /* APIResponses.swift */; };
/* End PBXBuildFile section */

/* Begin PBXContainerItemProxy section */
		C03D30DD241BFC100089B070 /* PBXContainerItemProxy */ = {
			isa = PBXContainerItemProxy;
			containerPortal = C03D30BB241BFC0F0089B070 /* Project object */;
			proxyType = 1;
			remoteGlobalIDString = C03D30C2241BFC0F0089B070;
			remoteInfo = Bootcamp2020;
		};
		C03D30F4241BFC460089B070 /* PBXContainerItemProxy */ = {
			isa = PBXContainerItemProxy;
			containerPortal = C03D30BB241BFC0F0089B070 /* Project object */;
			proxyType = 1;
			remoteGlobalIDString = C03D30C2241BFC0F0089B070;
			remoteInfo = Bootcamp2020;
		};
/* End PBXContainerItemProxy section */

/* Begin PBXFileReference section */
		17A1E852242138F100406139 /* CardsAndSetsStub.swift */ = {isa = PBXFileReference; lastKnownFileType = sourcecode.swift; path = CardsAndSetsStub.swift; sourceTree = "<group>"; };
		17E7CFB9242136B7004C06E1 /* URLSessionMock.swift */ = {isa = PBXFileReference; lastKnownFileType = sourcecode.swift; path = URLSessionMock.swift; sourceTree = "<group>"; };
		1D1759F8241FDCC40037E4B9 /* CardListScreenSpec.swift */ = {isa = PBXFileReference; lastKnownFileType = sourcecode.swift; path = CardListScreenSpec.swift; sourceTree = "<group>"; };
		1D175A0224202EE20037E4B9 /* CardListDelegateSpec.swift */ = {isa = PBXFileReference; fileEncoding = 4; lastKnownFileType = sourcecode.swift; path = CardListDelegateSpec.swift; sourceTree = "<group>"; };
		1D175A0424202FB20037E4B9 /* CardListDataSourceStub.swift */ = {isa = PBXFileReference; fileEncoding = 4; lastKnownFileType = sourcecode.swift; path = CardListDataSourceStub.swift; sourceTree = "<group>"; };
		1D175A0824212BF60037E4B9 /* UIKit+Extensions.swift */ = {isa = PBXFileReference; lastKnownFileType = sourcecode.swift; path = "UIKit+Extensions.swift"; sourceTree = "<group>"; };
		1D175A0C2421492A0037E4B9 /* CardListDataSourceSpec.swift */ = {isa = PBXFileReference; lastKnownFileType = sourcecode.swift; path = CardListDataSourceSpec.swift; sourceTree = "<group>"; };
		1D175A10242163ED0037E4B9 /* KIF+TesterExtension.swift */ = {isa = PBXFileReference; lastKnownFileType = sourcecode.swift; path = "KIF+TesterExtension.swift"; sourceTree = "<group>"; };
		1D175A122421680D0037E4B9 /* CardSetStub.swift */ = {isa = PBXFileReference; lastKnownFileType = sourcecode.swift; path = CardSetStub.swift; sourceTree = "<group>"; };
		1D175A14242189E70037E4B9 /* CardListViewControllerSpec.swift */ = {isa = PBXFileReference; lastKnownFileType = sourcecode.swift; path = CardListViewControllerSpec.swift; sourceTree = "<group>"; };
		1D175A16242197BB0037E4B9 /* NetworkServiceStub.swift */ = {isa = PBXFileReference; lastKnownFileType = sourcecode.swift; path = NetworkServiceStub.swift; sourceTree = "<group>"; };
		1D175A18242265D00037E4B9 /* CardListIntegrationSpec.swift */ = {isa = PBXFileReference; lastKnownFileType = sourcecode.swift; path = CardListIntegrationSpec.swift; sourceTree = "<group>"; };
		2ECB7FF7F8166C3F105BF76A /* Pods-Bootcamp2020SnapshotTests.debug.xcconfig */ = {isa = PBXFileReference; includeInIndex = 1; lastKnownFileType = text.xcconfig; name = "Pods-Bootcamp2020SnapshotTests.debug.xcconfig"; path = "Target Support Files/Pods-Bootcamp2020SnapshotTests/Pods-Bootcamp2020SnapshotTests.debug.xcconfig"; sourceTree = "<group>"; };
		61FD2D32CEDE908EE4B6A5DC /* Pods-Bootcamp2020.release.xcconfig */ = {isa = PBXFileReference; includeInIndex = 1; lastKnownFileType = text.xcconfig; name = "Pods-Bootcamp2020.release.xcconfig"; path = "Target Support Files/Pods-Bootcamp2020/Pods-Bootcamp2020.release.xcconfig"; sourceTree = "<group>"; };
		672235472A7D97E5E74ED19A /* Pods-Bootcamp2020Tests.release.xcconfig */ = {isa = PBXFileReference; includeInIndex = 1; lastKnownFileType = text.xcconfig; name = "Pods-Bootcamp2020Tests.release.xcconfig"; path = "Target Support Files/Pods-Bootcamp2020Tests/Pods-Bootcamp2020Tests.release.xcconfig"; sourceTree = "<group>"; };
		6817D7B18DA67B0C87627838 /* Pods_Bootcamp2020.framework */ = {isa = PBXFileReference; explicitFileType = wrapper.framework; includeInIndex = 0; path = Pods_Bootcamp2020.framework; sourceTree = BUILT_PRODUCTS_DIR; };
		72B801A919CF97CD4C2717E8 /* Pods-Bootcamp2020Tests.debug.xcconfig */ = {isa = PBXFileReference; includeInIndex = 1; lastKnownFileType = text.xcconfig; name = "Pods-Bootcamp2020Tests.debug.xcconfig"; path = "Target Support Files/Pods-Bootcamp2020Tests/Pods-Bootcamp2020Tests.debug.xcconfig"; sourceTree = "<group>"; };
		81354A36242138EC007896FF /* RealmManagerSpec.swift */ = {isa = PBXFileReference; lastKnownFileType = sourcecode.swift; path = RealmManagerSpec.swift; sourceTree = "<group>"; };
		816EA56B242154160032620F /* CardSpec.swift */ = {isa = PBXFileReference; lastKnownFileType = sourcecode.swift; path = CardSpec.swift; sourceTree = "<group>"; };
		816EA56D2421544A0032620F /* CardTypeSpec.swift */ = {isa = PBXFileReference; lastKnownFileType = sourcecode.swift; path = CardTypeSpec.swift; sourceTree = "<group>"; };
		816EA56F2421545F0032620F /* CardSetSpec.swift */ = {isa = PBXFileReference; lastKnownFileType = sourcecode.swift; path = CardSetSpec.swift; sourceTree = "<group>"; };
		81F69812241FBE7E00258920 /* AppCoordinatorSpec.swift */ = {isa = PBXFileReference; lastKnownFileType = sourcecode.swift; path = AppCoordinatorSpec.swift; sourceTree = "<group>"; };
		81F69815241FC4DF00258920 /* NetworkServiceDummy.swift */ = {isa = PBXFileReference; lastKnownFileType = sourcecode.swift; path = NetworkServiceDummy.swift; sourceTree = "<group>"; };
		81F69819241FE78200258920 /* HomeCoordinatorSpec.swift */ = {isa = PBXFileReference; lastKnownFileType = sourcecode.swift; path = HomeCoordinatorSpec.swift; sourceTree = "<group>"; };
		81F6981B241FEAFC00258920 /* FavoritesCoordinatorSpec.swift */ = {isa = PBXFileReference; lastKnownFileType = sourcecode.swift; path = FavoritesCoordinatorSpec.swift; sourceTree = "<group>"; };
		81F6981D241FEDB200258920 /* LocalServiceDummy.swift */ = {isa = PBXFileReference; lastKnownFileType = sourcecode.swift; path = LocalServiceDummy.swift; sourceTree = "<group>"; };
		81F6982124211CC300258920 /* CardSet.swift */ = {isa = PBXFileReference; lastKnownFileType = sourcecode.swift; path = CardSet.swift; sourceTree = "<group>"; };
		81F6982324211CDB00258920 /* Card.swift */ = {isa = PBXFileReference; lastKnownFileType = sourcecode.swift; path = Card.swift; sourceTree = "<group>"; };
		81F6982624211D1600258920 /* CardType.swift */ = {isa = PBXFileReference; lastKnownFileType = sourcecode.swift; path = CardType.swift; sourceTree = "<group>"; };
		C03D30C3241BFC0F0089B070 /* Bootcamp2020.app */ = {isa = PBXFileReference; explicitFileType = wrapper.application; includeInIndex = 0; path = Bootcamp2020.app; sourceTree = BUILT_PRODUCTS_DIR; };
		C03D30C6241BFC0F0089B070 /* AppDelegate.swift */ = {isa = PBXFileReference; lastKnownFileType = sourcecode.swift; path = AppDelegate.swift; sourceTree = "<group>"; };
		C03D30D2241BFC100089B070 /* Assets.xcassets */ = {isa = PBXFileReference; lastKnownFileType = folder.assetcatalog; path = Assets.xcassets; sourceTree = "<group>"; };
		C03D30D5241BFC100089B070 /* Base */ = {isa = PBXFileReference; lastKnownFileType = file.storyboard; name = Base; path = Base.lproj/LaunchScreen.storyboard; sourceTree = "<group>"; };
		C03D30D7241BFC100089B070 /* Info.plist */ = {isa = PBXFileReference; lastKnownFileType = text.plist.xml; path = Info.plist; sourceTree = "<group>"; };
		C03D30DC241BFC100089B070 /* Bootcamp2020Tests.xctest */ = {isa = PBXFileReference; explicitFileType = wrapper.cfbundle; includeInIndex = 0; path = Bootcamp2020Tests.xctest; sourceTree = BUILT_PRODUCTS_DIR; };
		C03D30E2241BFC100089B070 /* Info.plist */ = {isa = PBXFileReference; lastKnownFileType = text.plist.xml; path = Info.plist; sourceTree = "<group>"; };
		C03D30EF241BFC460089B070 /* Bootcamp2020SnapshotTests.xctest */ = {isa = PBXFileReference; explicitFileType = wrapper.cfbundle; includeInIndex = 0; path = Bootcamp2020SnapshotTests.xctest; sourceTree = BUILT_PRODUCTS_DIR; };
		C03D30F3241BFC460089B070 /* Info.plist */ = {isa = PBXFileReference; lastKnownFileType = text.plist.xml; path = Info.plist; sourceTree = "<group>"; };
		C040729D241C01E1005F9B97 /* AppCoordinator.swift */ = {isa = PBXFileReference; lastKnownFileType = sourcecode.swift; path = AppCoordinator.swift; sourceTree = "<group>"; };
		C040729F241C01ED005F9B97 /* HomeCoordinator.swift */ = {isa = PBXFileReference; lastKnownFileType = sourcecode.swift; path = HomeCoordinator.swift; sourceTree = "<group>"; };
		C04072A1241C01F9005F9B97 /* FavoritesCoordinator.swift */ = {isa = PBXFileReference; lastKnownFileType = sourcecode.swift; path = FavoritesCoordinator.swift; sourceTree = "<group>"; };
		C04072A3241C0236005F9B97 /* Coordinator.swift */ = {isa = PBXFileReference; lastKnownFileType = sourcecode.swift; path = Coordinator.swift; sourceTree = "<group>"; };
		C04072B1241C0841005F9B97 /* APIManager.swift */ = {isa = PBXFileReference; lastKnownFileType = sourcecode.swift; path = APIManager.swift; sourceTree = "<group>"; };
		C04072B3241C0853005F9B97 /* RealmManager.swift */ = {isa = PBXFileReference; lastKnownFileType = sourcecode.swift; path = RealmManager.swift; sourceTree = "<group>"; };
		C04072B7241C0CC1005F9B97 /* CardCell.swift */ = {isa = PBXFileReference; lastKnownFileType = sourcecode.swift; path = CardCell.swift; sourceTree = "<group>"; };
		C04072B9241C0D02005F9B97 /* ViewCode.swift */ = {isa = PBXFileReference; lastKnownFileType = sourcecode.swift; path = ViewCode.swift; sourceTree = "<group>"; };
		C04072BB241C0E57005F9B97 /* FavoriteButton.swift */ = {isa = PBXFileReference; lastKnownFileType = sourcecode.swift; path = FavoriteButton.swift; sourceTree = "<group>"; };
		C04072BD241C0E7F005F9B97 /* CardDetailScreen.swift */ = {isa = PBXFileReference; lastKnownFileType = sourcecode.swift; path = CardDetailScreen.swift; sourceTree = "<group>"; };
		C04072BF241C0EA2005F9B97 /* CardListScreen.swift */ = {isa = PBXFileReference; lastKnownFileType = sourcecode.swift; path = CardListScreen.swift; sourceTree = "<group>"; };
		C04072C1241C0EDE005F9B97 /* CardListViewController.swift */ = {isa = PBXFileReference; lastKnownFileType = sourcecode.swift; path = CardListViewController.swift; sourceTree = "<group>"; };
		C04072C3241C0F04005F9B97 /* CardDetailViewController.swift */ = {isa = PBXFileReference; lastKnownFileType = sourcecode.swift; path = CardDetailViewController.swift; sourceTree = "<group>"; };
		C04072C5241C0FD4005F9B97 /* CardDetailViewModel.swift */ = {isa = PBXFileReference; lastKnownFileType = sourcecode.swift; path = CardDetailViewModel.swift; sourceTree = "<group>"; };
		C04072C7241C1412005F9B97 /* CardListViewModel.swift */ = {isa = PBXFileReference; lastKnownFileType = sourcecode.swift; path = CardListViewModel.swift; sourceTree = "<group>"; };
		C04072C9241C2840005F9B97 /* CardCellViewModel.swift */ = {isa = PBXFileReference; lastKnownFileType = sourcecode.swift; path = CardCellViewModel.swift; sourceTree = "<group>"; };
		C04072CB241C2E07005F9B97 /* Service.swift */ = {isa = PBXFileReference; lastKnownFileType = sourcecode.swift; path = Service.swift; sourceTree = "<group>"; };
		C04072CF241C3EF9005F9B97 /* CardListDataSource.swift */ = {isa = PBXFileReference; lastKnownFileType = sourcecode.swift; path = CardListDataSource.swift; sourceTree = "<group>"; };
		C04072D1241C3F78005F9B97 /* CardListDelegate.swift */ = {isa = PBXFileReference; lastKnownFileType = sourcecode.swift; path = CardListDelegate.swift; sourceTree = "<group>"; };
		C04072D4241C3FF6005F9B97 /* CardTypeHeaderCell.swift */ = {isa = PBXFileReference; lastKnownFileType = sourcecode.swift; path = CardTypeHeaderCell.swift; sourceTree = "<group>"; };
		C04072D6241C4012005F9B97 /* CardSetHeaderCell.swift */ = {isa = PBXFileReference; lastKnownFileType = sourcecode.swift; path = CardSetHeaderCell.swift; sourceTree = "<group>"; };
		C054029D2422B376004F3629 /* CardDetailDelegate.swift */ = {isa = PBXFileReference; lastKnownFileType = sourcecode.swift; path = CardDetailDelegate.swift; sourceTree = "<group>"; };
		C061372124200DE200B75034 /* Endpoint.swift */ = {isa = PBXFileReference; lastKnownFileType = sourcecode.swift; path = Endpoint.swift; sourceTree = "<group>"; };
		C091F1E72420F28900ECD238 /* EndpointSpec.swift */ = {isa = PBXFileReference; fileEncoding = 4; lastKnownFileType = sourcecode.swift; path = EndpointSpec.swift; sourceTree = "<group>"; };
		C0C4A85A241FF46E002CB8D9 /* Bootcamp2020Tests-Bridging-Header.h */ = {isa = PBXFileReference; lastKnownFileType = sourcecode.c.h; path = "Bootcamp2020Tests-Bridging-Header.h"; sourceTree = "<group>"; };
		C0C4A85B241FF46F002CB8D9 /* APIManagerSpec.swift */ = {isa = PBXFileReference; lastKnownFileType = sourcecode.swift; path = APIManagerSpec.swift; sourceTree = "<group>"; };
		C0EC9FC024229121004C3526 /* APIResponses.swift */ = {isa = PBXFileReference; lastKnownFileType = sourcecode.swift; path = APIResponses.swift; sourceTree = "<group>"; };
		C5651C9C98875CE89327C3E5 /* Pods-Bootcamp2020.debug.xcconfig */ = {isa = PBXFileReference; includeInIndex = 1; lastKnownFileType = text.xcconfig; name = "Pods-Bootcamp2020.debug.xcconfig"; path = "Target Support Files/Pods-Bootcamp2020/Pods-Bootcamp2020.debug.xcconfig"; sourceTree = "<group>"; };
		E3ABAABE0031DB5F028E6598 /* Pods_Bootcamp2020SnapshotTests.framework */ = {isa = PBXFileReference; explicitFileType = wrapper.framework; includeInIndex = 0; path = Pods_Bootcamp2020SnapshotTests.framework; sourceTree = BUILT_PRODUCTS_DIR; };
		E53E60CF419399141C0A19B9 /* Pods_Bootcamp2020Tests.framework */ = {isa = PBXFileReference; explicitFileType = wrapper.framework; includeInIndex = 0; path = Pods_Bootcamp2020Tests.framework; sourceTree = BUILT_PRODUCTS_DIR; };
		F530303C6F04D8EE7719938E /* Pods-Bootcamp2020SnapshotTests.release.xcconfig */ = {isa = PBXFileReference; includeInIndex = 1; lastKnownFileType = text.xcconfig; name = "Pods-Bootcamp2020SnapshotTests.release.xcconfig"; path = "Target Support Files/Pods-Bootcamp2020SnapshotTests/Pods-Bootcamp2020SnapshotTests.release.xcconfig"; sourceTree = "<group>"; };
/* End PBXFileReference section */

/* Begin PBXFrameworksBuildPhase section */
		C03D30C0241BFC0F0089B070 /* Frameworks */ = {
			isa = PBXFrameworksBuildPhase;
			buildActionMask = 2147483647;
			files = (
				2B1D084BD99C3DBEC940754F /* Pods_Bootcamp2020.framework in Frameworks */,
			);
			runOnlyForDeploymentPostprocessing = 0;
		};
		C03D30D9241BFC100089B070 /* Frameworks */ = {
			isa = PBXFrameworksBuildPhase;
			buildActionMask = 2147483647;
			files = (
				8E8C271AED7F85AFB55FB756 /* Pods_Bootcamp2020Tests.framework in Frameworks */,
			);
			runOnlyForDeploymentPostprocessing = 0;
		};
		C03D30EC241BFC460089B070 /* Frameworks */ = {
			isa = PBXFrameworksBuildPhase;
			buildActionMask = 2147483647;
			files = (
				5A17C769CE83FFEA6B0C7AB6 /* Pods_Bootcamp2020SnapshotTests.framework in Frameworks */,
			);
			runOnlyForDeploymentPostprocessing = 0;
		};
/* End PBXFrameworksBuildPhase section */

/* Begin PBXGroup section */
		1D1759FA241FE5B80037E4B9 /* Card List */ = {
			isa = PBXGroup;
			children = (
				1D175A0C2421492A0037E4B9 /* CardListDataSourceSpec.swift */,
				1D175A0224202EE20037E4B9 /* CardListDelegateSpec.swift */,
				1D1759F8241FDCC40037E4B9 /* CardListScreenSpec.swift */,
				1D175A14242189E70037E4B9 /* CardListViewControllerSpec.swift */,
				1D175A18242265D00037E4B9 /* CardListIntegrationSpec.swift */,
			);
			path = "Card List";
			sourceTree = "<group>";
		};
		81354A3524213763007896FF /* DataHandlers */ = {
			isa = PBXGroup;
			children = (
				81354A36242138EC007896FF /* RealmManagerSpec.swift */,
			);
			path = DataHandlers;
			sourceTree = "<group>";
		};
		81354A3824213ECA007896FF /* Models */ = {
			isa = PBXGroup;
			children = (
				81354A3524213763007896FF /* DataHandlers */,
				81354A3924213EDD007896FF /* Objects */,
			);
			path = Models;
			sourceTree = "<group>";
		};
		81354A3924213EDD007896FF /* Objects */ = {
			isa = PBXGroup;
			children = (
				816EA56B242154160032620F /* CardSpec.swift */,
				816EA56D2421544A0032620F /* CardTypeSpec.swift */,
				816EA56F2421545F0032620F /* CardSetSpec.swift */,
			);
			path = Objects;
			sourceTree = "<group>";
		};
		81606CF9241F9C0200CDEECA /* Coordinators */ = {
			isa = PBXGroup;
			children = (
				81F69812241FBE7E00258920 /* AppCoordinatorSpec.swift */,
				81F69819241FE78200258920 /* HomeCoordinatorSpec.swift */,
				81F6981B241FEAFC00258920 /* FavoritesCoordinatorSpec.swift */,
			);
			path = Coordinators;
			sourceTree = "<group>";
		};
		81606CFA241F9C1000CDEECA /* Helpers */ = {
			isa = PBXGroup;
			children = (
				17A1E852242138F100406139 /* CardsAndSetsStub.swift */,
				1D175A0424202FB20037E4B9 /* CardListDataSourceStub.swift */,
				81F6981D241FEDB200258920 /* LocalServiceDummy.swift */,
				17E7CFB9242136B7004C06E1 /* URLSessionMock.swift */,
				81F69815241FC4DF00258920 /* NetworkServiceDummy.swift */,
				1D175A10242163ED0037E4B9 /* KIF+TesterExtension.swift */,
				1D175A122421680D0037E4B9 /* CardSetStub.swift */,
				1D175A16242197BB0037E4B9 /* NetworkServiceStub.swift */,
			);
			path = Helpers;
			sourceTree = "<group>";
		};
		C03D30BA241BFC0F0089B070 = {
			isa = PBXGroup;
			children = (
				C03D30C5241BFC0F0089B070 /* Bootcamp2020 */,
				C03D30DF241BFC100089B070 /* Bootcamp2020Tests */,
				C03D30F0241BFC460089B070 /* Bootcamp2020SnapshotTests */,
				C03D30C4241BFC0F0089B070 /* Products */,
				D82C761A6F17930AD92820A8 /* Pods */,
				DD24B1E7FEFFDF772C29EA19 /* Frameworks */,
			);
			sourceTree = "<group>";
		};
		C03D30C4241BFC0F0089B070 /* Products */ = {
			isa = PBXGroup;
			children = (
				C03D30C3241BFC0F0089B070 /* Bootcamp2020.app */,
				C03D30DC241BFC100089B070 /* Bootcamp2020Tests.xctest */,
				C03D30EF241BFC460089B070 /* Bootcamp2020SnapshotTests.xctest */,
			);
			name = Products;
			sourceTree = "<group>";
		};
		C03D30C5241BFC0F0089B070 /* Bootcamp2020 */ = {
			isa = PBXGroup;
			children = (
				C040728A241BFD11005F9B97 /* Application */,
				C0407291241BFE1E005F9B97 /* Coordinators */,
				C0407292241BFE2E005F9B97 /* Helpers */,
				C040729C241C0188005F9B97 /* Modules */,
				C0407295241BFF90005F9B97 /* Protocols */,
				C040728B241BFD45005F9B97 /* Resources */,
			);
			path = Bootcamp2020;
			sourceTree = "<group>";
		};
		C03D30DF241BFC100089B070 /* Bootcamp2020Tests */ = {
			isa = PBXGroup;
			children = (
				C0C4A85A241FF46E002CB8D9 /* Bootcamp2020Tests-Bridging-Header.h */,
				C03D30E2241BFC100089B070 /* Info.plist */,
				C091F1E72420F28900ECD238 /* EndpointSpec.swift */,
				C091F1E22420EDC600ECD238 /* APIManager */,
				81606CF9241F9C0200CDEECA /* Coordinators */,
				81606CFA241F9C1000CDEECA /* Helpers */,
				1D1759FA241FE5B80037E4B9 /* Card List */,
				81354A3824213ECA007896FF /* Models */,
			);
			path = Bootcamp2020Tests;
			sourceTree = "<group>";
		};
		C03D30F0241BFC460089B070 /* Bootcamp2020SnapshotTests */ = {
			isa = PBXGroup;
			children = (
				C03D30F3241BFC460089B070 /* Info.plist */,
			);
			path = Bootcamp2020SnapshotTests;
			sourceTree = "<group>";
		};
		C040728A241BFD11005F9B97 /* Application */ = {
			isa = PBXGroup;
			children = (
				C03D30C6241BFC0F0089B070 /* AppDelegate.swift */,
				C03D30D7241BFC100089B070 /* Info.plist */,
			);
			path = Application;
			sourceTree = "<group>";
		};
		C040728B241BFD45005F9B97 /* Resources */ = {
			isa = PBXGroup;
			children = (
				C03D30D2241BFC100089B070 /* Assets.xcassets */,
				C03D30D4241BFC100089B070 /* LaunchScreen.storyboard */,
			);
			path = Resources;
			sourceTree = "<group>";
		};
		C040728C241BFDB1005F9B97 /* Models */ = {
			isa = PBXGroup;
			children = (
				C0407294241BFED0005F9B97 /* DataHandlers */,
				C0407293241BFEC9005F9B97 /* Objects */,
			);
			path = Models;
			sourceTree = "<group>";
		};
		C0407291241BFE1E005F9B97 /* Coordinators */ = {
			isa = PBXGroup;
			children = (
				C040729D241C01E1005F9B97 /* AppCoordinator.swift */,
				C040729F241C01ED005F9B97 /* HomeCoordinator.swift */,
				C04072A1241C01F9005F9B97 /* FavoritesCoordinator.swift */,
			);
			path = Coordinators;
			sourceTree = "<group>";
		};
		C0407292241BFE2E005F9B97 /* Helpers */ = {
			isa = PBXGroup;
			children = (
				1D175A0824212BF60037E4B9 /* UIKit+Extensions.swift */,
			);
			path = Helpers;
			sourceTree = "<group>";
		};
		C0407293241BFEC9005F9B97 /* Objects */ = {
			isa = PBXGroup;
			children = (
				81F6982324211CDB00258920 /* Card.swift */,
				81F6982624211D1600258920 /* CardType.swift */,
				81F6982124211CC300258920 /* CardSet.swift */,
				C061372124200DE200B75034 /* Endpoint.swift */,
				C0EC9FC024229121004C3526 /* APIResponses.swift */,
			);
			path = Objects;
			sourceTree = "<group>";
		};
		C0407294241BFED0005F9B97 /* DataHandlers */ = {
			isa = PBXGroup;
			children = (
				C04072B1241C0841005F9B97 /* APIManager.swift */,
				C04072B3241C0853005F9B97 /* RealmManager.swift */,
			);
			path = DataHandlers;
			sourceTree = "<group>";
		};
		C0407295241BFF90005F9B97 /* Protocols */ = {
			isa = PBXGroup;
			children = (
				C04072A3241C0236005F9B97 /* Coordinator.swift */,
				C054029D2422B376004F3629 /* CardDetailDelegate.swift */,
				C04072CB241C2E07005F9B97 /* Service.swift */,
				C04072B9241C0D02005F9B97 /* ViewCode.swift */,
			);
			path = Protocols;
			sourceTree = "<group>";
		};
		C0407297241C00AA005F9B97 /* Views */ = {
			isa = PBXGroup;
			children = (
				C04072CE241C3E02005F9B97 /* CollectionView */,
				C040729B241C0165005F9B97 /* Components */,
				C0407299241C010E005F9B97 /* Controllers */,
				C040729A241C0129005F9B97 /* Screens */,
			);
			path = Views;
			sourceTree = "<group>";
		};
		C0407298241C00B0005F9B97 /* ViewModels */ = {
			isa = PBXGroup;
			children = (
				C04072C9241C2840005F9B97 /* CardCellViewModel.swift */,
				C04072C5241C0FD4005F9B97 /* CardDetailViewModel.swift */,
				C04072C7241C1412005F9B97 /* CardListViewModel.swift */,
			);
			path = ViewModels;
			sourceTree = "<group>";
		};
		C0407299241C010E005F9B97 /* Controllers */ = {
			isa = PBXGroup;
			children = (
				C04072C3241C0F04005F9B97 /* CardDetailViewController.swift */,
				C04072C1241C0EDE005F9B97 /* CardListViewController.swift */,
			);
			path = Controllers;
			sourceTree = "<group>";
		};
		C040729A241C0129005F9B97 /* Screens */ = {
			isa = PBXGroup;
			children = (
				C04072BD241C0E7F005F9B97 /* CardDetailScreen.swift */,
				C04072BF241C0EA2005F9B97 /* CardListScreen.swift */,
			);
			path = Screens;
			sourceTree = "<group>";
		};
		C040729B241C0165005F9B97 /* Components */ = {
			isa = PBXGroup;
			children = (
				C04072BB241C0E57005F9B97 /* FavoriteButton.swift */,
				C04072D3241C3FC2005F9B97 /* Cells */,
			);
			path = Components;
			sourceTree = "<group>";
		};
		C040729C241C0188005F9B97 /* Modules */ = {
			isa = PBXGroup;
			children = (
				C040728C241BFDB1005F9B97 /* Models */,
				C0407297241C00AA005F9B97 /* Views */,
				C0407298241C00B0005F9B97 /* ViewModels */,
			);
			path = Modules;
			sourceTree = "<group>";
		};
		C04072CE241C3E02005F9B97 /* CollectionView */ = {
			isa = PBXGroup;
			children = (
				C04072CF241C3EF9005F9B97 /* CardListDataSource.swift */,
				C04072D1241C3F78005F9B97 /* CardListDelegate.swift */,
			);
			path = CollectionView;
			sourceTree = "<group>";
		};
		C04072D3241C3FC2005F9B97 /* Cells */ = {
			isa = PBXGroup;
			children = (
				C04072B7241C0CC1005F9B97 /* CardCell.swift */,
				C04072D4241C3FF6005F9B97 /* CardTypeHeaderCell.swift */,
				C04072D6241C4012005F9B97 /* CardSetHeaderCell.swift */,
			);
			path = Cells;
			sourceTree = "<group>";
		};
		C091F1E22420EDC600ECD238 /* APIManager */ = {
			isa = PBXGroup;
			children = (
				C0C4A85B241FF46F002CB8D9 /* APIManagerSpec.swift */,
			);
			path = APIManager;
			sourceTree = "<group>";
		};
		D82C761A6F17930AD92820A8 /* Pods */ = {
			isa = PBXGroup;
			children = (
				C5651C9C98875CE89327C3E5 /* Pods-Bootcamp2020.debug.xcconfig */,
				61FD2D32CEDE908EE4B6A5DC /* Pods-Bootcamp2020.release.xcconfig */,
				2ECB7FF7F8166C3F105BF76A /* Pods-Bootcamp2020SnapshotTests.debug.xcconfig */,
				F530303C6F04D8EE7719938E /* Pods-Bootcamp2020SnapshotTests.release.xcconfig */,
				72B801A919CF97CD4C2717E8 /* Pods-Bootcamp2020Tests.debug.xcconfig */,
				672235472A7D97E5E74ED19A /* Pods-Bootcamp2020Tests.release.xcconfig */,
			);
			path = Pods;
			sourceTree = "<group>";
		};
		DD24B1E7FEFFDF772C29EA19 /* Frameworks */ = {
			isa = PBXGroup;
			children = (
				6817D7B18DA67B0C87627838 /* Pods_Bootcamp2020.framework */,
				E3ABAABE0031DB5F028E6598 /* Pods_Bootcamp2020SnapshotTests.framework */,
				E53E60CF419399141C0A19B9 /* Pods_Bootcamp2020Tests.framework */,
			);
			name = Frameworks;
			sourceTree = "<group>";
		};
/* End PBXGroup section */

/* Begin PBXNativeTarget section */
		C03D30C2241BFC0F0089B070 /* Bootcamp2020 */ = {
			isa = PBXNativeTarget;
			buildConfigurationList = C03D30E5241BFC100089B070 /* Build configuration list for PBXNativeTarget "Bootcamp2020" */;
			buildPhases = (
				9CD221D4BC3F8CE08CB35576 /* [CP] Check Pods Manifest.lock */,
				C03D30BF241BFC0F0089B070 /* Sources */,
				C03D30C0241BFC0F0089B070 /* Frameworks */,
				C03D30C1241BFC0F0089B070 /* Resources */,
				A032ABF16F400C7B316BE517 /* [CP] Embed Pods Frameworks */,
				C0407289241BFC8E005F9B97 /* SwiftLint */,
			);
			buildRules = (
			);
			dependencies = (
			);
			name = Bootcamp2020;
			productName = Bootcamp2020;
			productReference = C03D30C3241BFC0F0089B070 /* Bootcamp2020.app */;
			productType = "com.apple.product-type.application";
		};
		C03D30DB241BFC100089B070 /* Bootcamp2020Tests */ = {
			isa = PBXNativeTarget;
			buildConfigurationList = C03D30E8241BFC100089B070 /* Build configuration list for PBXNativeTarget "Bootcamp2020Tests" */;
			buildPhases = (
				5ACE2DC79222AF2C90D98233 /* [CP] Check Pods Manifest.lock */,
				C03D30D8241BFC100089B070 /* Sources */,
				C03D30D9241BFC100089B070 /* Frameworks */,
				C03D30DA241BFC100089B070 /* Resources */,
				03C1B4CA658E21C5A78ABAE3 /* [CP] Embed Pods Frameworks */,
			);
			buildRules = (
			);
			dependencies = (
				C03D30DE241BFC100089B070 /* PBXTargetDependency */,
			);
			name = Bootcamp2020Tests;
			productName = Bootcamp2020Tests;
			productReference = C03D30DC241BFC100089B070 /* Bootcamp2020Tests.xctest */;
			productType = "com.apple.product-type.bundle.unit-test";
		};
		C03D30EE241BFC460089B070 /* Bootcamp2020SnapshotTests */ = {
			isa = PBXNativeTarget;
			buildConfigurationList = C03D30F6241BFC460089B070 /* Build configuration list for PBXNativeTarget "Bootcamp2020SnapshotTests" */;
			buildPhases = (
				DA1BB0C6DDDA6BFF6C2E454A /* [CP] Check Pods Manifest.lock */,
				C03D30EB241BFC460089B070 /* Sources */,
				C03D30EC241BFC460089B070 /* Frameworks */,
				C03D30ED241BFC460089B070 /* Resources */,
				2B242C56147494234AC7F5EF /* [CP] Embed Pods Frameworks */,
			);
			buildRules = (
			);
			dependencies = (
				C03D30F5241BFC460089B070 /* PBXTargetDependency */,
			);
			name = Bootcamp2020SnapshotTests;
			productName = Bootcamp2020SnapshotTests;
			productReference = C03D30EF241BFC460089B070 /* Bootcamp2020SnapshotTests.xctest */;
			productType = "com.apple.product-type.bundle.unit-test";
		};
/* End PBXNativeTarget section */

/* Begin PBXProject section */
		C03D30BB241BFC0F0089B070 /* Project object */ = {
			isa = PBXProject;
			attributes = {
				DefaultBuildSystemTypeForWorkspace = Original;
				LastSwiftUpdateCheck = 1130;
				LastUpgradeCheck = 1130;
				ORGANIZATIONNAME = Team2;
				TargetAttributes = {
					C03D30C2241BFC0F0089B070 = {
						CreatedOnToolsVersion = 11.3.1;
					};
					C03D30DB241BFC100089B070 = {
						CreatedOnToolsVersion = 11.3.1;
						LastSwiftMigration = 1130;
						TestTargetID = C03D30C2241BFC0F0089B070;
					};
					C03D30EE241BFC460089B070 = {
						CreatedOnToolsVersion = 11.3.1;
						TestTargetID = C03D30C2241BFC0F0089B070;
					};
				};
			};
			buildConfigurationList = C03D30BE241BFC0F0089B070 /* Build configuration list for PBXProject "Bootcamp2020" */;
			compatibilityVersion = "Xcode 9.3";
			developmentRegion = en;
			hasScannedForEncodings = 0;
			knownRegions = (
				en,
				Base,
			);
			mainGroup = C03D30BA241BFC0F0089B070;
			productRefGroup = C03D30C4241BFC0F0089B070 /* Products */;
			projectDirPath = "";
			projectRoot = "";
			targets = (
				C03D30C2241BFC0F0089B070 /* Bootcamp2020 */,
				C03D30DB241BFC100089B070 /* Bootcamp2020Tests */,
				C03D30EE241BFC460089B070 /* Bootcamp2020SnapshotTests */,
			);
		};
/* End PBXProject section */

/* Begin PBXResourcesBuildPhase section */
		C03D30C1241BFC0F0089B070 /* Resources */ = {
			isa = PBXResourcesBuildPhase;
			buildActionMask = 2147483647;
			files = (
				C03D30D6241BFC100089B070 /* LaunchScreen.storyboard in Resources */,
				C03D30D3241BFC100089B070 /* Assets.xcassets in Resources */,
			);
			runOnlyForDeploymentPostprocessing = 0;
		};
		C03D30DA241BFC100089B070 /* Resources */ = {
			isa = PBXResourcesBuildPhase;
			buildActionMask = 2147483647;
			files = (
			);
			runOnlyForDeploymentPostprocessing = 0;
		};
		C03D30ED241BFC460089B070 /* Resources */ = {
			isa = PBXResourcesBuildPhase;
			buildActionMask = 2147483647;
			files = (
			);
			runOnlyForDeploymentPostprocessing = 0;
		};
/* End PBXResourcesBuildPhase section */

/* Begin PBXShellScriptBuildPhase section */
		03C1B4CA658E21C5A78ABAE3 /* [CP] Embed Pods Frameworks */ = {
			isa = PBXShellScriptBuildPhase;
			buildActionMask = 2147483647;
			files = (
			);
			inputFileListPaths = (
				"${PODS_ROOT}/Target Support Files/Pods-Bootcamp2020Tests/Pods-Bootcamp2020Tests-frameworks-${CONFIGURATION}-input-files.xcfilelist",
			);
			name = "[CP] Embed Pods Frameworks";
			outputFileListPaths = (
				"${PODS_ROOT}/Target Support Files/Pods-Bootcamp2020Tests/Pods-Bootcamp2020Tests-frameworks-${CONFIGURATION}-output-files.xcfilelist",
			);
			runOnlyForDeploymentPostprocessing = 0;
			shellPath = /bin/sh;
			shellScript = "\"${PODS_ROOT}/Target Support Files/Pods-Bootcamp2020Tests/Pods-Bootcamp2020Tests-frameworks.sh\"\n";
			showEnvVarsInLog = 0;
		};
		2B242C56147494234AC7F5EF /* [CP] Embed Pods Frameworks */ = {
			isa = PBXShellScriptBuildPhase;
			buildActionMask = 2147483647;
			files = (
			);
			inputFileListPaths = (
				"${PODS_ROOT}/Target Support Files/Pods-Bootcamp2020SnapshotTests/Pods-Bootcamp2020SnapshotTests-frameworks-${CONFIGURATION}-input-files.xcfilelist",
			);
			name = "[CP] Embed Pods Frameworks";
			outputFileListPaths = (
				"${PODS_ROOT}/Target Support Files/Pods-Bootcamp2020SnapshotTests/Pods-Bootcamp2020SnapshotTests-frameworks-${CONFIGURATION}-output-files.xcfilelist",
			);
			runOnlyForDeploymentPostprocessing = 0;
			shellPath = /bin/sh;
			shellScript = "\"${PODS_ROOT}/Target Support Files/Pods-Bootcamp2020SnapshotTests/Pods-Bootcamp2020SnapshotTests-frameworks.sh\"\n";
			showEnvVarsInLog = 0;
		};
		5ACE2DC79222AF2C90D98233 /* [CP] Check Pods Manifest.lock */ = {
			isa = PBXShellScriptBuildPhase;
			buildActionMask = 2147483647;
			files = (
			);
			inputFileListPaths = (
			);
			inputPaths = (
				"${PODS_PODFILE_DIR_PATH}/Podfile.lock",
				"${PODS_ROOT}/Manifest.lock",
			);
			name = "[CP] Check Pods Manifest.lock";
			outputFileListPaths = (
			);
			outputPaths = (
				"$(DERIVED_FILE_DIR)/Pods-Bootcamp2020Tests-checkManifestLockResult.txt",
			);
			runOnlyForDeploymentPostprocessing = 0;
			shellPath = /bin/sh;
			shellScript = "diff \"${PODS_PODFILE_DIR_PATH}/Podfile.lock\" \"${PODS_ROOT}/Manifest.lock\" > /dev/null\nif [ $? != 0 ] ; then\n    # print error to STDERR\n    echo \"error: The sandbox is not in sync with the Podfile.lock. Run 'pod install' or update your CocoaPods installation.\" >&2\n    exit 1\nfi\n# This output is used by Xcode 'outputs' to avoid re-running this script phase.\necho \"SUCCESS\" > \"${SCRIPT_OUTPUT_FILE_0}\"\n";
			showEnvVarsInLog = 0;
		};
		9CD221D4BC3F8CE08CB35576 /* [CP] Check Pods Manifest.lock */ = {
			isa = PBXShellScriptBuildPhase;
			buildActionMask = 2147483647;
			files = (
			);
			inputFileListPaths = (
			);
			inputPaths = (
				"${PODS_PODFILE_DIR_PATH}/Podfile.lock",
				"${PODS_ROOT}/Manifest.lock",
			);
			name = "[CP] Check Pods Manifest.lock";
			outputFileListPaths = (
			);
			outputPaths = (
				"$(DERIVED_FILE_DIR)/Pods-Bootcamp2020-checkManifestLockResult.txt",
			);
			runOnlyForDeploymentPostprocessing = 0;
			shellPath = /bin/sh;
			shellScript = "diff \"${PODS_PODFILE_DIR_PATH}/Podfile.lock\" \"${PODS_ROOT}/Manifest.lock\" > /dev/null\nif [ $? != 0 ] ; then\n    # print error to STDERR\n    echo \"error: The sandbox is not in sync with the Podfile.lock. Run 'pod install' or update your CocoaPods installation.\" >&2\n    exit 1\nfi\n# This output is used by Xcode 'outputs' to avoid re-running this script phase.\necho \"SUCCESS\" > \"${SCRIPT_OUTPUT_FILE_0}\"\n";
			showEnvVarsInLog = 0;
		};
		A032ABF16F400C7B316BE517 /* [CP] Embed Pods Frameworks */ = {
			isa = PBXShellScriptBuildPhase;
			buildActionMask = 2147483647;
			files = (
			);
			inputFileListPaths = (
				"${PODS_ROOT}/Target Support Files/Pods-Bootcamp2020/Pods-Bootcamp2020-frameworks-${CONFIGURATION}-input-files.xcfilelist",
			);
			name = "[CP] Embed Pods Frameworks";
			outputFileListPaths = (
				"${PODS_ROOT}/Target Support Files/Pods-Bootcamp2020/Pods-Bootcamp2020-frameworks-${CONFIGURATION}-output-files.xcfilelist",
			);
			runOnlyForDeploymentPostprocessing = 0;
			shellPath = /bin/sh;
			shellScript = "\"${PODS_ROOT}/Target Support Files/Pods-Bootcamp2020/Pods-Bootcamp2020-frameworks.sh\"\n";
			showEnvVarsInLog = 0;
		};
		C0407289241BFC8E005F9B97 /* SwiftLint */ = {
			isa = PBXShellScriptBuildPhase;
			buildActionMask = 2147483647;
			files = (
			);
			inputFileListPaths = (
			);
			inputPaths = (
			);
			name = SwiftLint;
			outputFileListPaths = (
			);
			outputPaths = (
			);
			runOnlyForDeploymentPostprocessing = 0;
			shellPath = /bin/sh;
			shellScript = "\"${PODS_ROOT}/SwiftLint/swiftlint\"\n";
		};
		DA1BB0C6DDDA6BFF6C2E454A /* [CP] Check Pods Manifest.lock */ = {
			isa = PBXShellScriptBuildPhase;
			buildActionMask = 2147483647;
			files = (
			);
			inputFileListPaths = (
			);
			inputPaths = (
				"${PODS_PODFILE_DIR_PATH}/Podfile.lock",
				"${PODS_ROOT}/Manifest.lock",
			);
			name = "[CP] Check Pods Manifest.lock";
			outputFileListPaths = (
			);
			outputPaths = (
				"$(DERIVED_FILE_DIR)/Pods-Bootcamp2020SnapshotTests-checkManifestLockResult.txt",
			);
			runOnlyForDeploymentPostprocessing = 0;
			shellPath = /bin/sh;
			shellScript = "diff \"${PODS_PODFILE_DIR_PATH}/Podfile.lock\" \"${PODS_ROOT}/Manifest.lock\" > /dev/null\nif [ $? != 0 ] ; then\n    # print error to STDERR\n    echo \"error: The sandbox is not in sync with the Podfile.lock. Run 'pod install' or update your CocoaPods installation.\" >&2\n    exit 1\nfi\n# This output is used by Xcode 'outputs' to avoid re-running this script phase.\necho \"SUCCESS\" > \"${SCRIPT_OUTPUT_FILE_0}\"\n";
			showEnvVarsInLog = 0;
		};
/* End PBXShellScriptBuildPhase section */

/* Begin PBXSourcesBuildPhase section */
		C03D30BF241BFC0F0089B070 /* Sources */ = {
			isa = PBXSourcesBuildPhase;
			buildActionMask = 2147483647;
			files = (
				C04072CC241C2E07005F9B97 /* Service.swift in Sources */,
				C04072C0241C0EA2005F9B97 /* CardListScreen.swift in Sources */,
				C061372224200DE200B75034 /* Endpoint.swift in Sources */,
				C040729E241C01E1005F9B97 /* AppCoordinator.swift in Sources */,
				C04072C8241C1412005F9B97 /* CardListViewModel.swift in Sources */,
				C04072D5241C3FF6005F9B97 /* CardTypeHeaderCell.swift in Sources */,
				C04072BC241C0E57005F9B97 /* FavoriteButton.swift in Sources */,
				1D175A0924212BF60037E4B9 /* UIKit+Extensions.swift in Sources */,
				81F6982224211CC300258920 /* CardSet.swift in Sources */,
				81F6982424211CDB00258920 /* Card.swift in Sources */,
				C04072D2241C3F78005F9B97 /* CardListDelegate.swift in Sources */,
				C04072B8241C0CC1005F9B97 /* CardCell.swift in Sources */,
				C04072C2241C0EDE005F9B97 /* CardListViewController.swift in Sources */,
				C04072A0241C01ED005F9B97 /* HomeCoordinator.swift in Sources */,
				C04072A4241C0236005F9B97 /* Coordinator.swift in Sources */,
				C03D30C7241BFC0F0089B070 /* AppDelegate.swift in Sources */,
				C054029E2422B376004F3629 /* CardDetailDelegate.swift in Sources */,
				C04072C6241C0FD4005F9B97 /* CardDetailViewModel.swift in Sources */,
				C04072C4241C0F04005F9B97 /* CardDetailViewController.swift in Sources */,
				81F6982724211D1600258920 /* CardType.swift in Sources */,
				C04072D0241C3EF9005F9B97 /* CardListDataSource.swift in Sources */,
				C04072CA241C2840005F9B97 /* CardCellViewModel.swift in Sources */,
				C0EC9FC124229121004C3526 /* APIResponses.swift in Sources */,
				C04072B2241C0841005F9B97 /* APIManager.swift in Sources */,
				C04072A2241C01F9005F9B97 /* FavoritesCoordinator.swift in Sources */,
				C04072BE241C0E7F005F9B97 /* CardDetailScreen.swift in Sources */,
				C04072B4241C0853005F9B97 /* RealmManager.swift in Sources */,
				C04072D7241C4012005F9B97 /* CardSetHeaderCell.swift in Sources */,
				C04072BA241C0D02005F9B97 /* ViewCode.swift in Sources */,
			);
			runOnlyForDeploymentPostprocessing = 0;
		};
		C03D30D8241BFC100089B070 /* Sources */ = {
			isa = PBXSourcesBuildPhase;
			buildActionMask = 2147483647;
			files = (
				17E7CFBA242136B7004C06E1 /* URLSessionMock.swift in Sources */,
				81F6981A241FE78200258920 /* HomeCoordinatorSpec.swift in Sources */,
				1D175A11242163ED0037E4B9 /* KIF+TesterExtension.swift in Sources */,
				1D175A0324202EE20037E4B9 /* CardListDelegateSpec.swift in Sources */,
				1D175A17242197BB0037E4B9 /* NetworkServiceStub.swift in Sources */,
				81F6981E241FEDB200258920 /* LocalServiceDummy.swift in Sources */,
				1D175A0D2421492A0037E4B9 /* CardListDataSourceSpec.swift in Sources */,
				81F69816241FC4DF00258920 /* NetworkServiceDummy.swift in Sources */,
				1D175A15242189E70037E4B9 /* CardListViewControllerSpec.swift in Sources */,
				816EA56C242154160032620F /* CardSpec.swift in Sources */,
				1D175A132421680D0037E4B9 /* CardSetStub.swift in Sources */,
				81F69813241FBE7E00258920 /* AppCoordinatorSpec.swift in Sources */,
				816EA5702421545F0032620F /* CardSetSpec.swift in Sources */,
				81354A37242138EC007896FF /* RealmManagerSpec.swift in Sources */,
				816EA56E2421544A0032620F /* CardTypeSpec.swift in Sources */,
				81F6981C241FEAFC00258920 /* FavoritesCoordinatorSpec.swift in Sources */,
				C0613712241FF72C00B75034 /* APIManagerSpec.swift in Sources */,
				17A1E853242138F100406139 /* CardsAndSetsStub.swift in Sources */,
				C091F1E82420F28900ECD238 /* EndpointSpec.swift in Sources */,
				1D175A0524202FB20037E4B9 /* CardListDataSourceStub.swift in Sources */,
				1D1759F9241FDCC40037E4B9 /* CardListScreenSpec.swift in Sources */,
				1D175A19242265D00037E4B9 /* CardListIntegrationSpec.swift in Sources */,
			);
			runOnlyForDeploymentPostprocessing = 0;
		};
		C03D30EB241BFC460089B070 /* Sources */ = {
			isa = PBXSourcesBuildPhase;
			buildActionMask = 2147483647;
			files = (
			);
			runOnlyForDeploymentPostprocessing = 0;
		};
/* End PBXSourcesBuildPhase section */

/* Begin PBXTargetDependency section */
		C03D30DE241BFC100089B070 /* PBXTargetDependency */ = {
			isa = PBXTargetDependency;
			target = C03D30C2241BFC0F0089B070 /* Bootcamp2020 */;
			targetProxy = C03D30DD241BFC100089B070 /* PBXContainerItemProxy */;
		};
		C03D30F5241BFC460089B070 /* PBXTargetDependency */ = {
			isa = PBXTargetDependency;
			target = C03D30C2241BFC0F0089B070 /* Bootcamp2020 */;
			targetProxy = C03D30F4241BFC460089B070 /* PBXContainerItemProxy */;
		};
/* End PBXTargetDependency section */

/* Begin PBXVariantGroup section */
		C03D30D4241BFC100089B070 /* LaunchScreen.storyboard */ = {
			isa = PBXVariantGroup;
			children = (
				C03D30D5241BFC100089B070 /* Base */,
			);
			name = LaunchScreen.storyboard;
			sourceTree = "<group>";
		};
/* End PBXVariantGroup section */

/* Begin XCBuildConfiguration section */
		C03D30E3241BFC100089B070 /* Debug */ = {
			isa = XCBuildConfiguration;
			buildSettings = {
				ALWAYS_SEARCH_USER_PATHS = NO;
				CLANG_ANALYZER_NONNULL = YES;
				CLANG_ANALYZER_NUMBER_OBJECT_CONVERSION = YES_AGGRESSIVE;
				CLANG_CXX_LANGUAGE_STANDARD = "gnu++14";
				CLANG_CXX_LIBRARY = "libc++";
				CLANG_ENABLE_MODULES = YES;
				CLANG_ENABLE_OBJC_ARC = YES;
				CLANG_ENABLE_OBJC_WEAK = YES;
				CLANG_WARN_BLOCK_CAPTURE_AUTORELEASING = YES;
				CLANG_WARN_BOOL_CONVERSION = YES;
				CLANG_WARN_COMMA = YES;
				CLANG_WARN_CONSTANT_CONVERSION = YES;
				CLANG_WARN_DEPRECATED_OBJC_IMPLEMENTATIONS = YES;
				CLANG_WARN_DIRECT_OBJC_ISA_USAGE = YES_ERROR;
				CLANG_WARN_DOCUMENTATION_COMMENTS = YES;
				CLANG_WARN_EMPTY_BODY = YES;
				CLANG_WARN_ENUM_CONVERSION = YES;
				CLANG_WARN_INFINITE_RECURSION = YES;
				CLANG_WARN_INT_CONVERSION = YES;
				CLANG_WARN_NON_LITERAL_NULL_CONVERSION = YES;
				CLANG_WARN_OBJC_IMPLICIT_RETAIN_SELF = YES;
				CLANG_WARN_OBJC_LITERAL_CONVERSION = YES;
				CLANG_WARN_OBJC_ROOT_CLASS = YES_ERROR;
				CLANG_WARN_RANGE_LOOP_ANALYSIS = YES;
				CLANG_WARN_STRICT_PROTOTYPES = YES;
				CLANG_WARN_SUSPICIOUS_MOVE = YES;
				CLANG_WARN_UNGUARDED_AVAILABILITY = YES_AGGRESSIVE;
				CLANG_WARN_UNREACHABLE_CODE = YES;
				CLANG_WARN__DUPLICATE_METHOD_MATCH = YES;
				COPY_PHASE_STRIP = NO;
				DEBUG_INFORMATION_FORMAT = dwarf;
				ENABLE_STRICT_OBJC_MSGSEND = YES;
				ENABLE_TESTABILITY = YES;
				GCC_C_LANGUAGE_STANDARD = gnu11;
				GCC_DYNAMIC_NO_PIC = NO;
				GCC_NO_COMMON_BLOCKS = YES;
				GCC_OPTIMIZATION_LEVEL = 0;
				GCC_PREPROCESSOR_DEFINITIONS = (
					"DEBUG=1",
					"$(inherited)",
				);
				GCC_WARN_64_TO_32_BIT_CONVERSION = YES;
				GCC_WARN_ABOUT_RETURN_TYPE = YES_ERROR;
				GCC_WARN_UNDECLARED_SELECTOR = YES;
				GCC_WARN_UNINITIALIZED_AUTOS = YES_AGGRESSIVE;
				GCC_WARN_UNUSED_FUNCTION = YES;
				GCC_WARN_UNUSED_VARIABLE = YES;
				IPHONEOS_DEPLOYMENT_TARGET = 10.0;
				MTL_ENABLE_DEBUG_INFO = INCLUDE_SOURCE;
				MTL_FAST_MATH = YES;
				ONLY_ACTIVE_ARCH = YES;
				SDKROOT = iphoneos;
				SWIFT_ACTIVE_COMPILATION_CONDITIONS = DEBUG;
				SWIFT_OPTIMIZATION_LEVEL = "-Onone";
			};
			name = Debug;
		};
		C03D30E4241BFC100089B070 /* Release */ = {
			isa = XCBuildConfiguration;
			buildSettings = {
				ALWAYS_SEARCH_USER_PATHS = NO;
				CLANG_ANALYZER_NONNULL = YES;
				CLANG_ANALYZER_NUMBER_OBJECT_CONVERSION = YES_AGGRESSIVE;
				CLANG_CXX_LANGUAGE_STANDARD = "gnu++14";
				CLANG_CXX_LIBRARY = "libc++";
				CLANG_ENABLE_MODULES = YES;
				CLANG_ENABLE_OBJC_ARC = YES;
				CLANG_ENABLE_OBJC_WEAK = YES;
				CLANG_WARN_BLOCK_CAPTURE_AUTORELEASING = YES;
				CLANG_WARN_BOOL_CONVERSION = YES;
				CLANG_WARN_COMMA = YES;
				CLANG_WARN_CONSTANT_CONVERSION = YES;
				CLANG_WARN_DEPRECATED_OBJC_IMPLEMENTATIONS = YES;
				CLANG_WARN_DIRECT_OBJC_ISA_USAGE = YES_ERROR;
				CLANG_WARN_DOCUMENTATION_COMMENTS = YES;
				CLANG_WARN_EMPTY_BODY = YES;
				CLANG_WARN_ENUM_CONVERSION = YES;
				CLANG_WARN_INFINITE_RECURSION = YES;
				CLANG_WARN_INT_CONVERSION = YES;
				CLANG_WARN_NON_LITERAL_NULL_CONVERSION = YES;
				CLANG_WARN_OBJC_IMPLICIT_RETAIN_SELF = YES;
				CLANG_WARN_OBJC_LITERAL_CONVERSION = YES;
				CLANG_WARN_OBJC_ROOT_CLASS = YES_ERROR;
				CLANG_WARN_RANGE_LOOP_ANALYSIS = YES;
				CLANG_WARN_STRICT_PROTOTYPES = YES;
				CLANG_WARN_SUSPICIOUS_MOVE = YES;
				CLANG_WARN_UNGUARDED_AVAILABILITY = YES_AGGRESSIVE;
				CLANG_WARN_UNREACHABLE_CODE = YES;
				CLANG_WARN__DUPLICATE_METHOD_MATCH = YES;
				COPY_PHASE_STRIP = NO;
				DEBUG_INFORMATION_FORMAT = "dwarf-with-dsym";
				ENABLE_NS_ASSERTIONS = NO;
				ENABLE_STRICT_OBJC_MSGSEND = YES;
				GCC_C_LANGUAGE_STANDARD = gnu11;
				GCC_NO_COMMON_BLOCKS = YES;
				GCC_WARN_64_TO_32_BIT_CONVERSION = YES;
				GCC_WARN_ABOUT_RETURN_TYPE = YES_ERROR;
				GCC_WARN_UNDECLARED_SELECTOR = YES;
				GCC_WARN_UNINITIALIZED_AUTOS = YES_AGGRESSIVE;
				GCC_WARN_UNUSED_FUNCTION = YES;
				GCC_WARN_UNUSED_VARIABLE = YES;
				IPHONEOS_DEPLOYMENT_TARGET = 10.0;
				MTL_ENABLE_DEBUG_INFO = NO;
				MTL_FAST_MATH = YES;
				SDKROOT = iphoneos;
				SWIFT_COMPILATION_MODE = wholemodule;
				SWIFT_OPTIMIZATION_LEVEL = "-O";
				VALIDATE_PRODUCT = YES;
			};
			name = Release;
		};
		C03D30E6241BFC100089B070 /* Debug */ = {
			isa = XCBuildConfiguration;
			baseConfigurationReference = C5651C9C98875CE89327C3E5 /* Pods-Bootcamp2020.debug.xcconfig */;
			buildSettings = {
				ALWAYS_EMBED_SWIFT_STANDARD_LIBRARIES = "$(inherited)";
				ASSETCATALOG_COMPILER_APPICON_NAME = AppIcon;
				CODE_SIGN_STYLE = Automatic;
				DEVELOPMENT_TEAM = 9554U789HP;
				INFOPLIST_FILE = Bootcamp2020/Application/Info.plist;
				LD_RUNPATH_SEARCH_PATHS = (
					"$(inherited)",
					"@executable_path/Frameworks",
				);
				PRODUCT_BUNDLE_IDENTIFIER = team2.Bootcamp2020;
				PRODUCT_NAME = "$(TARGET_NAME)";
				SWIFT_VERSION = 5.0;
				TARGETED_DEVICE_FAMILY = 1;
			};
			name = Debug;
		};
		C03D30E7241BFC100089B070 /* Release */ = {
			isa = XCBuildConfiguration;
			baseConfigurationReference = 61FD2D32CEDE908EE4B6A5DC /* Pods-Bootcamp2020.release.xcconfig */;
			buildSettings = {
				ALWAYS_EMBED_SWIFT_STANDARD_LIBRARIES = "$(inherited)";
				ASSETCATALOG_COMPILER_APPICON_NAME = AppIcon;
				CODE_SIGN_STYLE = Automatic;
				DEVELOPMENT_TEAM = 9554U789HP;
				INFOPLIST_FILE = Bootcamp2020/Application/Info.plist;
				LD_RUNPATH_SEARCH_PATHS = (
					"$(inherited)",
					"@executable_path/Frameworks",
				);
				PRODUCT_BUNDLE_IDENTIFIER = team2.Bootcamp2020;
				PRODUCT_NAME = "$(TARGET_NAME)";
				SWIFT_VERSION = 5.0;
				TARGETED_DEVICE_FAMILY = 1;
			};
			name = Release;
		};
		C03D30E9241BFC100089B070 /* Debug */ = {
			isa = XCBuildConfiguration;
			baseConfigurationReference = 72B801A919CF97CD4C2717E8 /* Pods-Bootcamp2020Tests.debug.xcconfig */;
			buildSettings = {
				ALWAYS_EMBED_SWIFT_STANDARD_LIBRARIES = "$(inherited)";
				BUNDLE_LOADER = "$(TEST_HOST)";
				CLANG_ENABLE_MODULES = YES;
				CODE_SIGN_STYLE = Automatic;
				INFOPLIST_FILE = Bootcamp2020Tests/Info.plist;
				IPHONEOS_DEPLOYMENT_TARGET = 13.2;
				LD_RUNPATH_SEARCH_PATHS = (
					"$(inherited)",
					"@executable_path/Frameworks",
					"@loader_path/Frameworks",
				);
				PRODUCT_BUNDLE_IDENTIFIER = team2.Bootcamp2020Tests;
				PRODUCT_NAME = "$(TARGET_NAME)";
				SWIFT_OBJC_BRIDGING_HEADER = "Bootcamp2020Tests/Bootcamp2020Tests-Bridging-Header.h";
				SWIFT_OPTIMIZATION_LEVEL = "-Onone";
				SWIFT_VERSION = 5.0;
				TARGETED_DEVICE_FAMILY = "1,2";
				TEST_HOST = "$(BUILT_PRODUCTS_DIR)/Bootcamp2020.app/Bootcamp2020";
			};
			name = Debug;
		};
		C03D30EA241BFC100089B070 /* Release */ = {
			isa = XCBuildConfiguration;
			baseConfigurationReference = 672235472A7D97E5E74ED19A /* Pods-Bootcamp2020Tests.release.xcconfig */;
			buildSettings = {
				ALWAYS_EMBED_SWIFT_STANDARD_LIBRARIES = "$(inherited)";
				BUNDLE_LOADER = "$(TEST_HOST)";
				CLANG_ENABLE_MODULES = YES;
				CODE_SIGN_STYLE = Automatic;
				INFOPLIST_FILE = Bootcamp2020Tests/Info.plist;
				IPHONEOS_DEPLOYMENT_TARGET = 13.2;
				LD_RUNPATH_SEARCH_PATHS = (
					"$(inherited)",
					"@executable_path/Frameworks",
					"@loader_path/Frameworks",
				);
				PRODUCT_BUNDLE_IDENTIFIER = team2.Bootcamp2020Tests;
				PRODUCT_NAME = "$(TARGET_NAME)";
				SWIFT_OBJC_BRIDGING_HEADER = "Bootcamp2020Tests/Bootcamp2020Tests-Bridging-Header.h";
				SWIFT_VERSION = 5.0;
				TARGETED_DEVICE_FAMILY = "1,2";
				TEST_HOST = "$(BUILT_PRODUCTS_DIR)/Bootcamp2020.app/Bootcamp2020";
			};
			name = Release;
		};
		C03D30F7241BFC460089B070 /* Debug */ = {
			isa = XCBuildConfiguration;
			baseConfigurationReference = 2ECB7FF7F8166C3F105BF76A /* Pods-Bootcamp2020SnapshotTests.debug.xcconfig */;
			buildSettings = {
				ALWAYS_EMBED_SWIFT_STANDARD_LIBRARIES = "$(inherited)";
				BUNDLE_LOADER = "$(TEST_HOST)";
				CODE_SIGN_STYLE = Automatic;
				INFOPLIST_FILE = Bootcamp2020SnapshotTests/Info.plist;
				LD_RUNPATH_SEARCH_PATHS = (
					"$(inherited)",
					"@executable_path/Frameworks",
					"@loader_path/Frameworks",
				);
				PRODUCT_BUNDLE_IDENTIFIER = team2.Bootcamp2020SnapshotTests;
				PRODUCT_NAME = "$(TARGET_NAME)";
				SWIFT_VERSION = 5.0;
				TARGETED_DEVICE_FAMILY = "1,2";
				TEST_HOST = "$(BUILT_PRODUCTS_DIR)/Bootcamp2020.app/Bootcamp2020";
			};
			name = Debug;
		};
		C03D30F8241BFC460089B070 /* Release */ = {
			isa = XCBuildConfiguration;
			baseConfigurationReference = F530303C6F04D8EE7719938E /* Pods-Bootcamp2020SnapshotTests.release.xcconfig */;
			buildSettings = {
				ALWAYS_EMBED_SWIFT_STANDARD_LIBRARIES = "$(inherited)";
				BUNDLE_LOADER = "$(TEST_HOST)";
				CODE_SIGN_STYLE = Automatic;
				INFOPLIST_FILE = Bootcamp2020SnapshotTests/Info.plist;
				LD_RUNPATH_SEARCH_PATHS = (
					"$(inherited)",
					"@executable_path/Frameworks",
					"@loader_path/Frameworks",
				);
				PRODUCT_BUNDLE_IDENTIFIER = team2.Bootcamp2020SnapshotTests;
				PRODUCT_NAME = "$(TARGET_NAME)";
				SWIFT_VERSION = 5.0;
				TARGETED_DEVICE_FAMILY = "1,2";
				TEST_HOST = "$(BUILT_PRODUCTS_DIR)/Bootcamp2020.app/Bootcamp2020";
			};
			name = Release;
		};
/* End XCBuildConfiguration section */

/* Begin XCConfigurationList section */
		C03D30BE241BFC0F0089B070 /* Build configuration list for PBXProject "Bootcamp2020" */ = {
			isa = XCConfigurationList;
			buildConfigurations = (
				C03D30E3241BFC100089B070 /* Debug */,
				C03D30E4241BFC100089B070 /* Release */,
			);
			defaultConfigurationIsVisible = 0;
			defaultConfigurationName = Release;
		};
		C03D30E5241BFC100089B070 /* Build configuration list for PBXNativeTarget "Bootcamp2020" */ = {
			isa = XCConfigurationList;
			buildConfigurations = (
				C03D30E6241BFC100089B070 /* Debug */,
				C03D30E7241BFC100089B070 /* Release */,
			);
			defaultConfigurationIsVisible = 0;
			defaultConfigurationName = Release;
		};
		C03D30E8241BFC100089B070 /* Build configuration list for PBXNativeTarget "Bootcamp2020Tests" */ = {
			isa = XCConfigurationList;
			buildConfigurations = (
				C03D30E9241BFC100089B070 /* Debug */,
				C03D30EA241BFC100089B070 /* Release */,
			);
			defaultConfigurationIsVisible = 0;
			defaultConfigurationName = Release;
		};
		C03D30F6241BFC460089B070 /* Build configuration list for PBXNativeTarget "Bootcamp2020SnapshotTests" */ = {
			isa = XCConfigurationList;
			buildConfigurations = (
				C03D30F7241BFC460089B070 /* Debug */,
				C03D30F8241BFC460089B070 /* Release */,
			);
			defaultConfigurationIsVisible = 0;
			defaultConfigurationName = Release;
		};
/* End XCConfigurationList section */
	};
	rootObject = C03D30BB241BFC0F0089B070 /* Project object */;
}
